
Microsoft Visual Studio Solution File, Format Version 12.00
# Visual Studio Version 17
VisualStudioVersion = 17.6.33815.320
MinimumVisualStudioVersion = 10.0.40219.1
Project("{FAE04EC0-301F-11D3-BF4B-00C04F79EFBC}") = "SpotifyClone", "SpotifyClone\SpotifyClone.csproj", "{7371C463-0E29-400D-AB10-AD7CA25F6821}"
EndProject
Global
	GlobalSection(SolutionConfigurationPlatforms) = preSolution
		Debug|Any CPU = Debug|Any CPU
		Release|Any CPU = Release|Any CPU
	EndGlobalSection
	GlobalSection(ProjectConfigurationPlatforms) = postSolution
		{7371C463-0E29-400D-AB10-AD7CA25F6821}.Debug|Any CPU.ActiveCfg = Debug|Any CPU
		{7371C463-0E29-400D-AB10-AD7CA25F6821}.Debug|Any CPU.Build.0 = Debug|Any CPU
		{7371C463-0E29-400D-AB10-AD7CA25F6821}.Release|Any CPU.ActiveCfg = Release|Any CPU
		{7371C463-0E29-400D-AB10-AD7CA25F6821}.Release|Any CPU.Build.0 = Release|Any CPU
	EndGlobalSection
	GlobalSection(SolutionProperties) = preSolution
		HideSolutionNode = FALSE
	EndGlobalSection
	GlobalSection(ExtensibilityGlobals) = postSolution
		SolutionGuid = {D79215F2-83FD-4747-A581-90762372D548}
	EndGlobalSection
EndGlobal
